// !$*UTF8*$!
{
	archiveVersion = 1;
	classes = {
	};
	objectVersion = 46;
	objects = {

/* Begin PBXBuildFile section */
		B64B35741F2D262400F4DAD7 /* AppDelegate.swift in Sources */ = {isa = PBXBuildFile; fileRef = B64B35731F2D262400F4DAD7 /* AppDelegate.swift */; };
		B64B35761F2D262400F4DAD7 /* ViewController.swift in Sources */ = {isa = PBXBuildFile; fileRef = B64B35751F2D262400F4DAD7 /* ViewController.swift */; };
		B64B35791F2D262400F4DAD7 /* Main.storyboard in Resources */ = {isa = PBXBuildFile; fileRef = B64B35771F2D262400F4DAD7 /* Main.storyboard */; };
		B64B357B1F2D262400F4DAD7 /* Assets.xcassets in Resources */ = {isa = PBXBuildFile; fileRef = B64B357A1F2D262400F4DAD7 /* Assets.xcassets */; };
		B64B357E1F2D262400F4DAD7 /* LaunchScreen.storyboard in Resources */ = {isa = PBXBuildFile; fileRef = B64B357C1F2D262400F4DAD7 /* LaunchScreen.storyboard */; };
		B64B35881F2D3CC700F4DAD7 /* AnalyzeViewController.swift in Sources */ = {isa = PBXBuildFile; fileRef = B64B35871F2D3CC700F4DAD7 /* AnalyzeViewController.swift */; };
		B66F72071F2D67860023BFB7 /* ResultViewController.swift in Sources */ = {isa = PBXBuildFile; fileRef = B66F72061F2D67860023BFB7 /* ResultViewController.swift */; };
		CBF4C5725B8BCEFB24EAE579 /* Pods_greenermobile.framework in Frameworks */ = {isa = PBXBuildFile; fileRef = BAA0AF8DD1D0777B0AB1F435 /* Pods_greenermobile.framework */; };
/* End PBXBuildFile section */

/* Begin PBXFileReference section */
		0C408DE70F1DFAF5FF929C5E /* Pods-greenermobile.release.xcconfig */ = {isa = PBXFileReference; includeInIndex = 1; lastKnownFileType = text.xcconfig; name = "Pods-greenermobile.release.xcconfig"; path = "Pods/Target Support Files/Pods-greenermobile/Pods-greenermobile.release.xcconfig"; sourceTree = "<group>"; };
		B64B35701F2D262400F4DAD7 /* greenermobile.app */ = {isa = PBXFileReference; explicitFileType = wrapper.application; includeInIndex = 0; path = greenermobile.app; sourceTree = BUILT_PRODUCTS_DIR; };
		B64B35731F2D262400F4DAD7 /* AppDelegate.swift */ = {isa = PBXFileReference; lastKnownFileType = sourcecode.swift; path = AppDelegate.swift; sourceTree = "<group>"; };
		B64B35751F2D262400F4DAD7 /* ViewController.swift */ = {isa = PBXFileReference; lastKnownFileType = sourcecode.swift; path = ViewController.swift; sourceTree = "<group>"; };
		B64B35781F2D262400F4DAD7 /* Base */ = {isa = PBXFileReference; lastKnownFileType = file.storyboard; name = Base; path = Base.lproj/Main.storyboard; sourceTree = "<group>"; };
		B64B357A1F2D262400F4DAD7 /* Assets.xcassets */ = {isa = PBXFileReference; lastKnownFileType = folder.assetcatalog; path = Assets.xcassets; sourceTree = "<group>"; };
		B64B357D1F2D262400F4DAD7 /* Base */ = {isa = PBXFileReference; lastKnownFileType = file.storyboard; name = Base; path = Base.lproj/LaunchScreen.storyboard; sourceTree = "<group>"; };
		B64B357F1F2D262400F4DAD7 /* Info.plist */ = {isa = PBXFileReference; lastKnownFileType = text.plist.xml; path = Info.plist; sourceTree = "<group>"; };
		B64B35871F2D3CC700F4DAD7 /* AnalyzeViewController.swift */ = {isa = PBXFileReference; fileEncoding = 4; lastKnownFileType = sourcecode.swift; path = AnalyzeViewController.swift; sourceTree = "<group>"; };
		B66F72061F2D67860023BFB7 /* ResultViewController.swift */ = {isa = PBXFileReference; fileEncoding = 4; lastKnownFileType = sourcecode.swift; path = ResultViewController.swift; sourceTree = "<group>"; };
		BAA0AF8DD1D0777B0AB1F435 /* Pods_greenermobile.framework */ = {isa = PBXFileReference; explicitFileType = wrapper.framework; includeInIndex = 0; path = Pods_greenermobile.framework; sourceTree = BUILT_PRODUCTS_DIR; };
		E7388DCCC9379D5735741290 /* Pods-greenermobile.debug.xcconfig */ = {isa = PBXFileReference; includeInIndex = 1; lastKnownFileType = text.xcconfig; name = "Pods-greenermobile.debug.xcconfig"; path = "Pods/Target Support Files/Pods-greenermobile/Pods-greenermobile.debug.xcconfig"; sourceTree = "<group>"; };
/* End PBXFileReference section */

/* Begin PBXFrameworksBuildPhase section */
		B64B356D1F2D262400F4DAD7 /* Frameworks */ = {
			isa = PBXFrameworksBuildPhase;
			buildActionMask = 2147483647;
			files = (
				CBF4C5725B8BCEFB24EAE579 /* Pods_greenermobile.framework in Frameworks */,
			);
			runOnlyForDeploymentPostprocessing = 0;
		};
/* End PBXFrameworksBuildPhase section */

/* Begin PBXGroup section */
		679FA65CA8D938F5D9B6A241 /* Frameworks */ = {
			isa = PBXGroup;
			children = (
				BAA0AF8DD1D0777B0AB1F435 /* Pods_greenermobile.framework */,
			);
			name = Frameworks;
			sourceTree = "<group>";
		};
		B64B35671F2D262400F4DAD7 = {
			isa = PBXGroup;
			children = (
				B64B35721F2D262400F4DAD7 /* greenermobile */,
				B64B35711F2D262400F4DAD7 /* Products */,
				FED29083F745EA21A247BCDE /* Pods */,
				679FA65CA8D938F5D9B6A241 /* Frameworks */,
			);
			sourceTree = "<group>";
		};
		B64B35711F2D262400F4DAD7 /* Products */ = {
			isa = PBXGroup;
			children = (
				B64B35701F2D262400F4DAD7 /* greenermobile.app */,
			);
			name = Products;
			sourceTree = "<group>";
		};
		B64B35721F2D262400F4DAD7 /* greenermobile */ = {
			isa = PBXGroup;
			children = (
				B64B35731F2D262400F4DAD7 /* AppDelegate.swift */,
				B64B35751F2D262400F4DAD7 /* ViewController.swift */,
				B64B35771F2D262400F4DAD7 /* Main.storyboard */,
				B64B357A1F2D262400F4DAD7 /* Assets.xcassets */,
				B64B357C1F2D262400F4DAD7 /* LaunchScreen.storyboard */,
				B64B357F1F2D262400F4DAD7 /* Info.plist */,
				B64B35871F2D3CC700F4DAD7 /* AnalyzeViewController.swift */,
				B66F72061F2D67860023BFB7 /* ResultViewController.swift */,
			);
			path = greenermobile;
			sourceTree = "<group>";
		};
		FED29083F745EA21A247BCDE /* Pods */ = {
			isa = PBXGroup;
			children = (
				E7388DCCC9379D5735741290 /* Pods-greenermobile.debug.xcconfig */,
				0C408DE70F1DFAF5FF929C5E /* Pods-greenermobile.release.xcconfig */,
			);
			name = Pods;
			sourceTree = "<group>";
		};
/* End PBXGroup section */

/* Begin PBXNativeTarget section */
		B64B356F1F2D262400F4DAD7 /* greenermobile */ = {
			isa = PBXNativeTarget;
			buildConfigurationList = B64B35821F2D262400F4DAD7 /* Build configuration list for PBXNativeTarget "greenermobile" */;
			buildPhases = (
				A7F92D8E2A150342E2ADE928 /* [CP] Check Pods Manifest.lock */,
				B64B356C1F2D262400F4DAD7 /* Sources */,
				B64B356D1F2D262400F4DAD7 /* Frameworks */,
				B64B356E1F2D262400F4DAD7 /* Resources */,
				D72C9ABFCFEE91E2003551DF /* [CP] Embed Pods Frameworks */,
				655778899D2C462E84228501 /* [CP] Copy Pods Resources */,
			);
			buildRules = (
			);
			dependencies = (
			);
			name = greenermobile;
			productName = greenermobile;
			productReference = B64B35701F2D262400F4DAD7 /* greenermobile.app */;
			productType = "com.apple.product-type.application";
		};
/* End PBXNativeTarget section */

/* Begin PBXProject section */
		B64B35681F2D262400F4DAD7 /* Project object */ = {
			isa = PBXProject;
			attributes = {
				LastSwiftUpdateCheck = 0830;
				LastUpgradeCheck = 0830;
				ORGANIZATIONNAME = "Scott Kirkland";
				TargetAttributes = {
					B64B356F1F2D262400F4DAD7 = {
						CreatedOnToolsVersion = 8.3.3;
						DevelopmentTeam = A8YXHYB3NK;
						ProvisioningStyle = Automatic;
					};
				};
			};
			buildConfigurationList = B64B356B1F2D262400F4DAD7 /* Build configuration list for PBXProject "greenermobile" */;
			compatibilityVersion = "Xcode 3.2";
			developmentRegion = English;
			hasScannedForEncodings = 0;
			knownRegions = (
				en,
				Base,
			);
			mainGroup = B64B35671F2D262400F4DAD7;
			productRefGroup = B64B35711F2D262400F4DAD7 /* Products */;
			projectDirPath = "";
			projectRoot = "";
			targets = (
				B64B356F1F2D262400F4DAD7 /* greenermobile */,
			);
		};
/* End PBXProject section */

/* Begin PBXResourcesBuildPhase section */
		B64B356E1F2D262400F4DAD7 /* Resources */ = {
			isa = PBXResourcesBuildPhase;
			buildActionMask = 2147483647;
			files = (
				B64B357E1F2D262400F4DAD7 /* LaunchScreen.storyboard in Resources */,
				B64B357B1F2D262400F4DAD7 /* Assets.xcassets in Resources */,
				B64B35791F2D262400F4DAD7 /* Main.storyboard in Resources */,
			);
			runOnlyForDeploymentPostprocessing = 0;
		};
/* End PBXResourcesBuildPhase section */

/* Begin PBXShellScriptBuildPhase section */
		655778899D2C462E84228501 /* [CP] Copy Pods Resources */ = {
			isa = PBXShellScriptBuildPhase;
			buildActionMask = 2147483647;
			files = (
			);
			inputPaths = (
			);
			name = "[CP] Copy Pods Resources";
			outputPaths = (
			);
			runOnlyForDeploymentPostprocessing = 0;
			shellPath = /bin/sh;
			shellScript = "\"${SRCROOT}/Pods/Target Support Files/Pods-greenermobile/Pods-greenermobile-resources.sh\"\n";
			showEnvVarsInLog = 0;
		};
		A7F92D8E2A150342E2ADE928 /* [CP] Check Pods Manifest.lock */ = {
			isa = PBXShellScriptBuildPhase;
			buildActionMask = 2147483647;
			files = (
			);
			inputPaths = (
			);
			name = "[CP] Check Pods Manifest.lock";
			outputPaths = (
			);
			runOnlyForDeploymentPostprocessing = 0;
			shellPath = /bin/sh;
			shellScript = "diff \"${PODS_PODFILE_DIR_PATH}/Podfile.lock\" \"${PODS_ROOT}/Manifest.lock\" > /dev/null\nif [ $? != 0 ] ; then\n    # print error to STDERR\n    echo \"error: The sandbox is not in sync with the Podfile.lock. Run 'pod install' or update your CocoaPods installation.\" >&2\n    exit 1\nfi\n";
			showEnvVarsInLog = 0;
		};
		D72C9ABFCFEE91E2003551DF /* [CP] Embed Pods Frameworks */ = {
			isa = PBXShellScriptBuildPhase;
			buildActionMask = 2147483647;
			files = (
			);
			inputPaths = (
			);
			name = "[CP] Embed Pods Frameworks";
			outputPaths = (
			);
			runOnlyForDeploymentPostprocessing = 0;
			shellPath = /bin/sh;
			shellScript = "\"${SRCROOT}/Pods/Target Support Files/Pods-greenermobile/Pods-greenermobile-frameworks.sh\"\n";
			showEnvVarsInLog = 0;
		};
/* End PBXShellScriptBuildPhase section */

/* Begin PBXSourcesBuildPhase section */
		B64B356C1F2D262400F4DAD7 /* Sources */ = {
			isa = PBXSourcesBuildPhase;
			buildActionMask = 2147483647;
			files = (
				B64B35761F2D262400F4DAD7 /* ViewController.swift in Sources */,
				B64B35741F2D262400F4DAD7 /* AppDelegate.swift in Sources */,
				B64B35881F2D3CC700F4DAD7 /* AnalyzeViewController.swift in Sources */,
				B66F72071F2D67860023BFB7 /* ResultViewController.swift in Sources */,
			);
			runOnlyForDeploymentPostprocessing = 0;
		};
/* End PBXSourcesBuildPhase section */

/* Begin PBXVariantGroup section */
		B64B35771F2D262400F4DAD7 /* Main.storyboard */ = {
			isa = PBXVariantGroup;
			children = (
				B64B35781F2D262400F4DAD7 /* Base */,
			);
			name = Main.storyboard;
			sourceTree = "<group>";
		};
		B64B357C1F2D262400F4DAD7 /* LaunchScreen.storyboard */ = {
			isa = PBXVariantGroup;
			children = (
				B64B357D1F2D262400F4DAD7 /* Base */,
			);
			name = LaunchScreen.storyboard;
			sourceTree = "<group>";
		};
/* End PBXVariantGroup section */

/* Begin XCBuildConfiguration section */
		B64B35801F2D262400F4DAD7 /* Debug */ = {
			isa = XCBuildConfiguration;
			buildSettings = {
				ALWAYS_SEARCH_USER_PATHS = NO;
				CLANG_ANALYZER_NONNULL = YES;
				CLANG_ANALYZER_NUMBER_OBJECT_CONVERSION = YES_AGGRESSIVE;
				CLANG_CXX_LANGUAGE_STANDARD = "gnu++0x";
				CLANG_CXX_LIBRARY = "libc++";
				CLANG_ENABLE_MODULES = YES;
				CLANG_ENABLE_OBJC_ARC = YES;
				CLANG_WARN_BOOL_CONVERSION = YES;
				CLANG_WARN_CONSTANT_CONVERSION = YES;
				CLANG_WARN_DIRECT_OBJC_ISA_USAGE = YES_ERROR;
				CLANG_WARN_DOCUMENTATION_COMMENTS = YES;
				CLANG_WARN_EMPTY_BODY = YES;
				CLANG_WARN_ENUM_CONVERSION = YES;
				CLANG_WARN_INFINITE_RECURSION = YES;
				CLANG_WARN_INT_CONVERSION = YES;
				CLANG_WARN_OBJC_ROOT_CLASS = YES_ERROR;
				CLANG_WARN_SUSPICIOUS_MOVE = YES;
				CLANG_WARN_UNREACHABLE_CODE = YES;
				CLANG_WARN__DUPLICATE_METHOD_MATCH = YES;
				"CODE_SIGN_IDENTITY[sdk=iphoneos*]" = "iPhone Developer";
				COPY_PHASE_STRIP = NO;
				DEBUG_INFORMATION_FORMAT = dwarf;
				ENABLE_STRICT_OBJC_MSGSEND = YES;
				ENABLE_TESTABILITY = YES;
				GCC_C_LANGUAGE_STANDARD = gnu99;
				GCC_DYNAMIC_NO_PIC = NO;
				GCC_NO_COMMON_BLOCKS = YES;
				GCC_OPTIMIZATION_LEVEL = 0;
				GCC_PREPROCESSOR_DEFINITIONS = (
					"DEBUG=1",
					"$(inherited)",
				);
				GCC_WARN_64_TO_32_BIT_CONVERSION = YES;
				GCC_WARN_ABOUT_RETURN_TYPE = YES_ERROR;
				GCC_WARN_UNDECLARED_SELECTOR = YES;
				GCC_WARN_UNINITIALIZED_AUTOS = YES_AGGRESSIVE;
				GCC_WARN_UNUSED_FUNCTION = YES;
				GCC_WARN_UNUSED_VARIABLE = YES;
				IPHONEOS_DEPLOYMENT_TARGET = 10.3;
				MTL_ENABLE_DEBUG_INFO = YES;
				ONLY_ACTIVE_ARCH = YES;
				SDKROOT = iphoneos;
				SWIFT_ACTIVE_COMPILATION_CONDITIONS = DEBUG;
				SWIFT_OPTIMIZATION_LEVEL = "-Onone";
			};
			name = Debug;
		};
		B64B35811F2D262400F4DAD7 /* Release */ = {
			isa = XCBuildConfiguration;
			buildSettings = {
				ALWAYS_SEARCH_USER_PATHS = NO;
				CLANG_ANALYZER_NONNULL = YES;
				CLANG_ANALYZER_NUMBER_OBJECT_CONVERSION = YES_AGGRESSIVE;
				CLANG_CXX_LANGUAGE_STANDARD = "gnu++0x";
				CLANG_CXX_LIBRARY = "libc++";
				CLANG_ENABLE_MODULES = YES;
				CLANG_ENABLE_OBJC_ARC = YES;
				CLANG_WARN_BOOL_CONVERSION = YES;
				CLANG_WARN_CONSTANT_CONVERSION = YES;
				CLANG_WARN_DIRECT_OBJC_ISA_USAGE = YES_ERROR;
				CLANG_WARN_DOCUMENTATION_COMMENTS = YES;
				CLANG_WARN_EMPTY_BODY = YES;
				CLANG_WARN_ENUM_CONVERSION = YES;
				CLANG_WARN_INFINITE_RECURSION = YES;
				CLANG_WARN_INT_CONVERSION = YES;
				CLANG_WARN_OBJC_ROOT_CLASS = YES_ERROR;
				CLANG_WARN_SUSPICIOUS_MOVE = YES;
				CLANG_WARN_UNREACHABLE_CODE = YES;
				CLANG_WARN__DUPLICATE_METHOD_MATCH = YES;
				"CODE_SIGN_IDENTITY[sdk=iphoneos*]" = "iPhone Developer";
				COPY_PHASE_STRIP = NO;
				DEBUG_INFORMATION_FORMAT = "dwarf-with-dsym";
				ENABLE_NS_ASSERTIONS = NO;
				ENABLE_STRICT_OBJC_MSGSEND = YES;
				GCC_C_LANGUAGE_STANDARD = gnu99;
				GCC_NO_COMMON_BLOCKS = YES;
				GCC_WARN_64_TO_32_BIT_CONVERSION = YES;
				GCC_WARN_ABOUT_RETURN_TYPE = YES_ERROR;
				GCC_WARN_UNDECLARED_SELECTOR = YES;
				GCC_WARN_UNINITIALIZED_AUTOS = YES_AGGRESSIVE;
				GCC_WARN_UNUSED_FUNCTION = YES;
				GCC_WARN_UNUSED_VARIABLE = YES;
				IPHONEOS_DEPLOYMENT_TARGET = 10.3;
				MTL_ENABLE_DEBUG_INFO = NO;
				SDKROOT = iphoneos;
				SWIFT_OPTIMIZATION_LEVEL = "-Owholemodule";
				VALIDATE_PRODUCT = YES;
			};
			name = Release;
		};
		B64B35831F2D262400F4DAD7 /* Debug */ = {
			isa = XCBuildConfiguration;
			baseConfigurationReference = E7388DCCC9379D5735741290 /* Pods-greenermobile.debug.xcconfig */;
			buildSettings = {
				ASSETCATALOG_COMPILER_APPICON_NAME = AppIcon;
				DEVELOPMENT_TEAM = A8YXHYB3NK;
				INFOPLIST_FILE = greenermobile/Info.plist;
				LD_RUNPATH_SEARCH_PATHS = "$(inherited) @executable_path/Frameworks";
				PRODUCT_BUNDLE_IDENTIFIER = com.srkirkland.greenermobile;
				PRODUCT_NAME = "$(TARGET_NAME)";
				SWIFT_VERSION = 3.0;
			};
			name = Debug;
		};
		B64B35841F2D262400F4DAD7 /* Release */ = {
			isa = XCBuildConfiguration;
			baseConfigurationReference = 0C408DE70F1DFAF5FF929C5E /* Pods-greenermobile.release.xcconfig */;
			buildSettings = {
				ASSETCATALOG_COMPILER_APPICON_NAME = AppIcon;
				DEVELOPMENT_TEAM = A8YXHYB3NK;
				INFOPLIST_FILE = greenermobile/Info.plist;
				LD_RUNPATH_SEARCH_PATHS = "$(inherited) @executable_path/Frameworks";
				PRODUCT_BUNDLE_IDENTIFIER = com.srkirkland.greenermobile;
				PRODUCT_NAME = "$(TARGET_NAME)";
				SWIFT_VERSION = 3.0;
			};
			name = Release;
		};
/* End XCBuildConfiguration section */

/* Begin XCConfigurationList section */
		B64B356B1F2D262400F4DAD7 /* Build configuration list for PBXProject "greenermobile" */ = {
			isa = XCConfigurationList;
			buildConfigurations = (
				B64B35801F2D262400F4DAD7 /* Debug */,
				B64B35811F2D262400F4DAD7 /* Release */,
			);
			defaultConfigurationIsVisible = 0;
			defaultConfigurationName = Release;
		};
		B64B35821F2D262400F4DAD7 /* Build configuration list for PBXNativeTarget "greenermobile" */ = {
			isa = XCConfigurationList;
			buildConfigurations = (
				B64B35831F2D262400F4DAD7 /* Debug */,
				B64B35841F2D262400F4DAD7 /* Release */,
			);
			defaultConfigurationIsVisible = 0;
			defaultConfigurationName = Release;
		};
/* End XCConfigurationList section */
	};
	rootObject = B64B35681F2D262400F4DAD7 /* Project object */;
}
